
Microsoft Visual Studio Solution File, Format Version 12.00
# Visual Studio Version 17
VisualStudioVersion = 17.14.36202.13 d17.14
MinimumVisualStudioVersion = 10.0.40219.1
Project("{FAE04EC0-301F-11D3-BF4B-00C04F79EFBC}") = "integration-dispatch", "integration-dispatch\integration-dispatch.csproj", "{6ACB3B40-7B0A-41B7-8B1E-CFB399887CB8}"
EndProject
Global
	GlobalSection(SolutionConfigurationPlatforms) = preSolution
		Debug|Any CPU = Debug|Any CPU
		Release|Any CPU = Release|Any CPU
	EndGlobalSection
	GlobalSection(ProjectConfigurationPlatforms) = postSolution
		{6ACB3B40-7B0A-41B7-8B1E-CFB399887CB8}.Debug|Any CPU.ActiveCfg = Debug|Any CPU
		{6ACB3B40-7B0A-41B7-8B1E-CFB399887CB8}.Debug|Any CPU.Build.0 = Debug|Any CPU
		{6ACB3B40-7B0A-41B7-8B1E-CFB399887CB8}.Release|Any CPU.ActiveCfg = Release|Any CPU
		{6ACB3B40-7B0A-41B7-8B1E-CFB399887CB8}.Release|Any CPU.Build.0 = Release|Any CPU
	EndGlobalSection
	GlobalSection(SolutionProperties) = preSolution
		HideSolutionNode = FALSE
	EndGlobalSection
	GlobalSection(ExtensibilityGlobals) = postSolution
		SolutionGuid = {CD882D92-11E1-4B48-8449-D5B6C8FBA66F}
	EndGlobalSection
EndGlobal
